
Microsoft Visual Studio Solution File, Format Version 12.00
# Visual Studio Version 17
VisualStudioVersion = 17.3.32505.426
MinimumVisualStudioVersion = 10.0.40219.1
Project("{9A19103F-16F7-4668-BE54-9A1E7A4F7556}") = "PetHelp.Server", "PetHelp\Server\PetHelp.Server.csproj", "{672D8869-F847-471A-9DA5-0246A90BB93E}"
EndProject
Project("{9A19103F-16F7-4668-BE54-9A1E7A4F7556}") = "PetHelp.Client", "PetHelp\Client\PetHelp.Client.csproj", "{A284A263-9F29-4DA9-9AD3-EDA6B26C17CD}"
EndProject
Project("{9A19103F-16F7-4668-BE54-9A1E7A4F7556}") = "PetHelp.Shared", "PetHelp\Shared\PetHelp.Shared.csproj", "{502CA401-E0A5-4680-8F3F-BD929DDDCA8F}"
EndProject
Global
	GlobalSection(SolutionConfigurationPlatforms) = preSolution
		Debug|Any CPU = Debug|Any CPU
		Release|Any CPU = Release|Any CPU
	EndGlobalSection
	GlobalSection(ProjectConfigurationPlatforms) = postSolution
		{672D8869-F847-471A-9DA5-0246A90BB93E}.Debug|Any CPU.ActiveCfg = Debug|Any CPU
		{672D8869-F847-471A-9DA5-0246A90BB93E}.Debug|Any CPU.Build.0 = Debug|Any CPU
		{672D8869-F847-471A-9DA5-0246A90BB93E}.Release|Any CPU.ActiveCfg = Release|Any CPU
		{672D8869-F847-471A-9DA5-0246A90BB93E}.Release|Any CPU.Build.0 = Release|Any CPU
		{A284A263-9F29-4DA9-9AD3-EDA6B26C17CD}.Debug|Any CPU.ActiveCfg = Debug|Any CPU
		{A284A263-9F29-4DA9-9AD3-EDA6B26C17CD}.Debug|Any CPU.Build.0 = Debug|Any CPU
		{A284A263-9F29-4DA9-9AD3-EDA6B26C17CD}.Release|Any CPU.ActiveCfg = Release|Any CPU
		{A284A263-9F29-4DA9-9AD3-EDA6B26C17CD}.Release|Any CPU.Build.0 = Release|Any CPU
		{502CA401-E0A5-4680-8F3F-BD929DDDCA8F}.Debug|Any CPU.ActiveCfg = Debug|Any CPU
		{502CA401-E0A5-4680-8F3F-BD929DDDCA8F}.Debug|Any CPU.Build.0 = Debug|Any CPU
		{502CA401-E0A5-4680-8F3F-BD929DDDCA8F}.Release|Any CPU.ActiveCfg = Release|Any CPU
		{502CA401-E0A5-4680-8F3F-BD929DDDCA8F}.Release|Any CPU.Build.0 = Release|Any CPU
	EndGlobalSection
	GlobalSection(SolutionProperties) = preSolution
		HideSolutionNode = FALSE
	EndGlobalSection
	GlobalSection(ExtensibilityGlobals) = postSolution
		SolutionGuid = {4216F35C-A3E0-433E-B16D-39901606C780}
	EndGlobalSection
EndGlobal
